
Microsoft Visual Studio Solution File, Format Version 12.00
# Visual Studio Version 17
VisualStudioVersion = 17.8.34322.80
MinimumVisualStudioVersion = 10.0.40219.1
Project("{FAE04EC0-301F-11D3-BF4B-00C04F79EFBC}") = "StudentGradeSystem", "StudentGradeSystem\StudentGradeSystem.csproj", "{3247AD3C-B48C-41D1-9012-624E2EEA0DC9}"
EndProject
Global
	GlobalSection(SolutionConfigurationPlatforms) = preSolution
		Debug|Any CPU = Debug|Any CPU
		Release|Any CPU = Release|Any CPU
	EndGlobalSection
	GlobalSection(ProjectConfigurationPlatforms) = postSolution
		{3247AD3C-B48C-41D1-9012-624E2EEA0DC9}.Debug|Any CPU.ActiveCfg = Debug|Any CPU
		{3247AD3C-B48C-41D1-9012-624E2EEA0DC9}.Debug|Any CPU.Build.0 = Debug|Any CPU
		{3247AD3C-B48C-41D1-9012-624E2EEA0DC9}.Release|Any CPU.ActiveCfg = Release|Any CPU
		{3247AD3C-B48C-41D1-9012-624E2EEA0DC9}.Release|Any CPU.Build.0 = Release|Any CPU
	EndGlobalSection
	GlobalSection(SolutionProperties) = preSolution
		HideSolutionNode = FALSE
	EndGlobalSection
	GlobalSection(ExtensibilityGlobals) = postSolution
		SolutionGuid = {D11E2DB1-2270-4FE0-A330-4A0458422061}
	EndGlobalSection
EndGlobal
